
Microsoft Visual Studio Solution File, Format Version 12.00
# Visual Studio Version 17
VisualStudioVersion = 17.5.33414.496
MinimumVisualStudioVersion = 10.0.40219.1
Project("{9A19103F-16F7-4668-BE54-9A1E7A4F7556}") = "View", "View\View.csproj", "{94A7435C-B7A4-460B-8C81-269F8251719E}"
EndProject
Project("{FAE04EC0-301F-11D3-BF4B-00C04F79EFBC}") = "Model", "Model\Model.csproj", "{9CC266D8-605E-4216-A6F6-A4D826D07C19}"
EndProject
Global
	GlobalSection(SolutionConfigurationPlatforms) = preSolution
		Debug|Any CPU = Debug|Any CPU
		Release|Any CPU = Release|Any CPU
	EndGlobalSection
	GlobalSection(ProjectConfigurationPlatforms) = postSolution
		{94A7435C-B7A4-460B-8C81-269F8251719E}.Debug|Any CPU.ActiveCfg = Debug|Any CPU
		{94A7435C-B7A4-460B-8C81-269F8251719E}.Debug|Any CPU.Build.0 = Debug|Any CPU
		{94A7435C-B7A4-460B-8C81-269F8251719E}.Release|Any CPU.ActiveCfg = Release|Any CPU
		{94A7435C-B7A4-460B-8C81-269F8251719E}.Release|Any CPU.Build.0 = Release|Any CPU
		{9CC266D8-605E-4216-A6F6-A4D826D07C19}.Debug|Any CPU.ActiveCfg = Debug|Any CPU
		{9CC266D8-605E-4216-A6F6-A4D826D07C19}.Debug|Any CPU.Build.0 = Debug|Any CPU
		{9CC266D8-605E-4216-A6F6-A4D826D07C19}.Release|Any CPU.ActiveCfg = Release|Any CPU
		{9CC266D8-605E-4216-A6F6-A4D826D07C19}.Release|Any CPU.Build.0 = Release|Any CPU
	EndGlobalSection
	GlobalSection(SolutionProperties) = preSolution
		HideSolutionNode = FALSE
	EndGlobalSection
	GlobalSection(ExtensibilityGlobals) = postSolution
		SolutionGuid = {8B52B406-4F67-452C-A7D3-1E4D96A5B369}
	EndGlobalSection
EndGlobal
