
Microsoft Visual Studio Solution File, Format Version 12.00
# Visual Studio Version 17
VisualStudioVersion = 17.5.33414.496
MinimumVisualStudioVersion = 10.0.40219.1
Project("{FAE04EC0-301F-11D3-BF4B-00C04F79EFBC}") = "Programming", "Programming\Programming.csproj", "{9F954F3E-FA06-41C4-9D74-606C7A9CE881}"
EndProject
Global
	GlobalSection(SolutionConfigurationPlatforms) = preSolution
		Debug|Any CPU = Debug|Any CPU
		Release|Any CPU = Release|Any CPU
	EndGlobalSection
	GlobalSection(ProjectConfigurationPlatforms) = postSolution
		{9F954F3E-FA06-41C4-9D74-606C7A9CE881}.Debug|Any CPU.ActiveCfg = Debug|Any CPU
		{9F954F3E-FA06-41C4-9D74-606C7A9CE881}.Debug|Any CPU.Build.0 = Debug|Any CPU
		{9F954F3E-FA06-41C4-9D74-606C7A9CE881}.Release|Any CPU.ActiveCfg = Release|Any CPU
		{9F954F3E-FA06-41C4-9D74-606C7A9CE881}.Release|Any CPU.Build.0 = Release|Any CPU
	EndGlobalSection
	GlobalSection(SolutionProperties) = preSolution
		HideSolutionNode = FALSE
	EndGlobalSection
	GlobalSection(ExtensibilityGlobals) = postSolution
		SolutionGuid = {29781B92-8BF7-4DDB-963A-CF5C4146F398}
	EndGlobalSection
EndGlobal
